
Microsoft Visual Studio Solution File, Format Version 12.00
# Visual Studio 14
VisualStudioVersion = 14.0.23107.0
MinimumVisualStudioVersion = 10.0.40219.1
Project("{FAE04EC0-301F-11D3-BF4B-00C04F79EFBC}") = "NicheLens.Scrapper.Api", "NicheLens.Scrapper.Api\NicheLens.Scrapper.Api.csproj", "{76070EFD-76C8-4162-9E68-29EDA9358607}"
EndProject
Project("{FAE04EC0-301F-11D3-BF4B-00C04F79EFBC}") = "NicheLens.Scrapper.Api.Tests", "NicheLens.Scrapper.Api.Tests\NicheLens.Scrapper.Api.Tests.csproj", "{83A220BB-5BFF-4753-97BB-E83E02962E97}"
EndProject
Project("{2150E333-8FDC-42A3-9474-1A3956D46DE8}") = "Solution Items", "Solution Items", "{A482565B-43B2-449C-99F2-4895193DE46C}"
	ProjectSection(SolutionItems) = preProject
		SharedAssemblyInfo.cs = SharedAssemblyInfo.cs
	EndProjectSection
EndProject
Project("{FAE04EC0-301F-11D3-BF4B-00C04F79EFBC}") = "NicheLens.Scrapper.Api.Client", "NicheLens.Scrapper.Api.Client\NicheLens.Scrapper.Api.Client.csproj", "{89697AE0-49AF-45E1-A347-B15F47BE2A5E}"
EndProject
Project("{FAE04EC0-301F-11D3-BF4B-00C04F79EFBC}") = "NicheLens.Scrapper.WebJobs", "NicheLens.Scrapper.WebJobs\NicheLens.Scrapper.WebJobs.csproj", "{88920C8F-BBF7-4F27-8DF7-CFC6FD9E86FA}"
EndProject
Project("{FAE04EC0-301F-11D3-BF4B-00C04F79EFBC}") = "NicheLens.Scrapper.WebJobs.Tests", "NicheLens.Scrapper.WebJobs.Tests\NicheLens.Scrapper.WebJobs.Tests.csproj", "{6DA9DE86-E6F9-4081-B556-FC1159B6A7A4}"
EndProject
Project("{FAE04EC0-301F-11D3-BF4B-00C04F79EFBC}") = "NicheLens.Scrapper.Data.Management", "NicheLens.Scrapper.Data.Management\NicheLens.Scrapper.Data.Management.csproj", "{CDAA854A-1FD5-4176-BB07-70E487BC4FFF}"
EndProject
Global
	GlobalSection(SolutionConfigurationPlatforms) = preSolution
		Debug|Any CPU = Debug|Any CPU
		Release|Any CPU = Release|Any CPU
	EndGlobalSection
	GlobalSection(ProjectConfigurationPlatforms) = postSolution
		{76070EFD-76C8-4162-9E68-29EDA9358607}.Debug|Any CPU.ActiveCfg = Debug|Any CPU
		{76070EFD-76C8-4162-9E68-29EDA9358607}.Debug|Any CPU.Build.0 = Debug|Any CPU
		{76070EFD-76C8-4162-9E68-29EDA9358607}.Release|Any CPU.ActiveCfg = Release|Any CPU
		{76070EFD-76C8-4162-9E68-29EDA9358607}.Release|Any CPU.Build.0 = Release|Any CPU
		{83A220BB-5BFF-4753-97BB-E83E02962E97}.Debug|Any CPU.ActiveCfg = Debug|Any CPU
		{83A220BB-5BFF-4753-97BB-E83E02962E97}.Debug|Any CPU.Build.0 = Debug|Any CPU
		{83A220BB-5BFF-4753-97BB-E83E02962E97}.Release|Any CPU.ActiveCfg = Release|Any CPU
		{83A220BB-5BFF-4753-97BB-E83E02962E97}.Release|Any CPU.Build.0 = Release|Any CPU
		{89697AE0-49AF-45E1-A347-B15F47BE2A5E}.Debug|Any CPU.ActiveCfg = Debug|Any CPU
		{89697AE0-49AF-45E1-A347-B15F47BE2A5E}.Debug|Any CPU.Build.0 = Debug|Any CPU
		{89697AE0-49AF-45E1-A347-B15F47BE2A5E}.Release|Any CPU.ActiveCfg = Release|Any CPU
		{89697AE0-49AF-45E1-A347-B15F47BE2A5E}.Release|Any CPU.Build.0 = Release|Any CPU
		{88920C8F-BBF7-4F27-8DF7-CFC6FD9E86FA}.Debug|Any CPU.ActiveCfg = Debug|Any CPU
		{88920C8F-BBF7-4F27-8DF7-CFC6FD9E86FA}.Debug|Any CPU.Build.0 = Debug|Any CPU
		{88920C8F-BBF7-4F27-8DF7-CFC6FD9E86FA}.Release|Any CPU.ActiveCfg = Release|Any CPU
		{88920C8F-BBF7-4F27-8DF7-CFC6FD9E86FA}.Release|Any CPU.Build.0 = Release|Any CPU
		{6DA9DE86-E6F9-4081-B556-FC1159B6A7A4}.Debug|Any CPU.ActiveCfg = Debug|Any CPU
		{6DA9DE86-E6F9-4081-B556-FC1159B6A7A4}.Debug|Any CPU.Build.0 = Debug|Any CPU
		{6DA9DE86-E6F9-4081-B556-FC1159B6A7A4}.Release|Any CPU.ActiveCfg = Release|Any CPU
		{6DA9DE86-E6F9-4081-B556-FC1159B6A7A4}.Release|Any CPU.Build.0 = Release|Any CPU
		{CDAA854A-1FD5-4176-BB07-70E487BC4FFF}.Debug|Any CPU.ActiveCfg = Debug|Any CPU
		{CDAA854A-1FD5-4176-BB07-70E487BC4FFF}.Debug|Any CPU.Build.0 = Debug|Any CPU
		{CDAA854A-1FD5-4176-BB07-70E487BC4FFF}.Release|Any CPU.ActiveCfg = Release|Any CPU
		{CDAA854A-1FD5-4176-BB07-70E487BC4FFF}.Release|Any CPU.Build.0 = Release|Any CPU
	EndGlobalSection
	GlobalSection(SolutionProperties) = preSolution
		HideSolutionNode = FALSE
	EndGlobalSection
	GlobalSection(ExtensibilityGlobals) = postSolution
		EnterpriseLibraryConfigurationToolBinariesPathV6 = packages\EnterpriseLibrary.TransientFaultHandling.6.0.1304.0\lib\portable-net45+win+wp8
	EndGlobalSection
EndGlobal
